
Microsoft Visual Studio Solution File, Format Version 12.00
# Visual Studio Version 16
VisualStudioVersion = 16.0.30907.101
MinimumVisualStudioVersion = 10.0.40219.1
Project("{FAE04EC0-301F-11D3-BF4B-00C04F79EFBC}") = "Chat Room", "Chat Room\Chat Room.csproj", "{A97261E1-1325-4C52-9E2B-28C5DB98E6FB}"
EndProject
Global
	GlobalSection(SolutionConfigurationPlatforms) = preSolution
		Debug|Any CPU = Debug|Any CPU
		Release|Any CPU = Release|Any CPU
	EndGlobalSection
	GlobalSection(ProjectConfigurationPlatforms) = postSolution
		{A97261E1-1325-4C52-9E2B-28C5DB98E6FB}.Debug|Any CPU.ActiveCfg = Debug|Any CPU
		{A97261E1-1325-4C52-9E2B-28C5DB98E6FB}.Debug|Any CPU.Build.0 = Debug|Any CPU
		{A97261E1-1325-4C52-9E2B-28C5DB98E6FB}.Release|Any CPU.ActiveCfg = Release|Any CPU
		{A97261E1-1325-4C52-9E2B-28C5DB98E6FB}.Release|Any CPU.Build.0 = Release|Any CPU
	EndGlobalSection
	GlobalSection(SolutionProperties) = preSolution
		HideSolutionNode = FALSE
	EndGlobalSection
	GlobalSection(ExtensibilityGlobals) = postSolution
		SolutionGuid = {82D12AA4-F8FA-4D82-B374-BB85BCCC436C}
	EndGlobalSection
EndGlobal
